// !$*UTF8*$!
{
	archiveVersion = 1;
	classes = {
	};
	objectVersion = 55;
	objects = {

/* Begin PBXBuildFile section */
		BFDB9E6126FAED78000C846C /* RepositoryView.swift in Sources */ = {isa = PBXBuildFile; fileRef = BFDB9E6026FAED78000C846C /* RepositoryView.swift */; };
		BFDB9E6326FAF471000C846C /* GithubModel.swift in Sources */ = {isa = PBXBuildFile; fileRef = BFDB9E6226FAF471000C846C /* GithubModel.swift */; };
		BFDB9E6726FAF66A000C846C /* UserController.swift in Sources */ = {isa = PBXBuildFile; fileRef = BFDB9E6626FAF66A000C846C /* UserController.swift */; };
		BFDB9E6926FAF72B000C846C /* RepositoryController.swift in Sources */ = {isa = PBXBuildFile; fileRef = BFDB9E6826FAF72B000C846C /* RepositoryController.swift */; };
		BFDB9E7026FB0035000C846C /* Users.swift in Sources */ = {isa = PBXBuildFile; fileRef = BFDB9E6F26FB0035000C846C /* Users.swift */; };
		BFDB9E7226FC3C3E000C846C /* UserRow.swift in Sources */ = {isa = PBXBuildFile; fileRef = BFDB9E7126FC3C3E000C846C /* UserRow.swift */; };
		BFDB9E7426FC41B4000C846C /* Repository.swift in Sources */ = {isa = PBXBuildFile; fileRef = BFDB9E7326FC41B4000C846C /* Repository.swift */; };
		BFDB9E7826FC45F4000C846C /* ModelError.swift in Sources */ = {isa = PBXBuildFile; fileRef = BFDB9E7726FC45F4000C846C /* ModelError.swift */; };
		BFDB9E7A26FC53A2000C846C /* RepositoryRow.swift in Sources */ = {isa = PBXBuildFile; fileRef = BFDB9E7926FC53A2000C846C /* RepositoryRow.swift */; };
		BFF3E9DB26F9C731001AB153 /* GithubSearcherApp.swift in Sources */ = {isa = PBXBuildFile; fileRef = BFF3E9DA26F9C731001AB153 /* GithubSearcherApp.swift */; };
		BFF3E9DD26F9C731001AB153 /* UserSearchView.swift in Sources */ = {isa = PBXBuildFile; fileRef = BFF3E9DC26F9C731001AB153 /* UserSearchView.swift */; };
		BFF3E9DF26F9C733001AB153 /* Assets.xcassets in Resources */ = {isa = PBXBuildFile; fileRef = BFF3E9DE26F9C733001AB153 /* Assets.xcassets */; };
		BFF3E9E226F9C733001AB153 /* Preview Assets.xcassets in Resources */ = {isa = PBXBuildFile; fileRef = BFF3E9E126F9C733001AB153 /* Preview Assets.xcassets */; };
/* End PBXBuildFile section */

/* Begin PBXFileReference section */
		BFDB9E6026FAED78000C846C /* RepositoryView.swift */ = {isa = PBXFileReference; fileEncoding = 4; lastKnownFileType = sourcecode.swift; path = RepositoryView.swift; sourceTree = "<group>"; };
		BFDB9E6226FAF471000C846C /* GithubModel.swift */ = {isa = PBXFileReference; fileEncoding = 4; lastKnownFileType = sourcecode.swift; path = GithubModel.swift; sourceTree = "<group>"; };
		BFDB9E6626FAF66A000C846C /* UserController.swift */ = {isa = PBXFileReference; lastKnownFileType = sourcecode.swift; path = UserController.swift; sourceTree = "<group>"; };
		BFDB9E6826FAF72B000C846C /* RepositoryController.swift */ = {isa = PBXFileReference; fileEncoding = 4; lastKnownFileType = sourcecode.swift; path = RepositoryController.swift; sourceTree = "<group>"; };
		BFDB9E6F26FB0035000C846C /* Users.swift */ = {isa = PBXFileReference; lastKnownFileType = sourcecode.swift; path = Users.swift; sourceTree = "<group>"; };
		BFDB9E7126FC3C3E000C846C /* UserRow.swift */ = {isa = PBXFileReference; lastKnownFileType = sourcecode.swift; path = UserRow.swift; sourceTree = "<group>"; };
		BFDB9E7326FC41B4000C846C /* Repository.swift */ = {isa = PBXFileReference; fileEncoding = 4; lastKnownFileType = sourcecode.swift; path = Repository.swift; sourceTree = "<group>"; };
		BFDB9E7726FC45F4000C846C /* ModelError.swift */ = {isa = PBXFileReference; fileEncoding = 4; lastKnownFileType = sourcecode.swift; path = ModelError.swift; sourceTree = "<group>"; };
		BFDB9E7926FC53A2000C846C /* RepositoryRow.swift */ = {isa = PBXFileReference; fileEncoding = 4; lastKnownFileType = sourcecode.swift; path = RepositoryRow.swift; sourceTree = "<group>"; };
		BFF3E9D726F9C731001AB153 /* GithubSearcher.app */ = {isa = PBXFileReference; explicitFileType = wrapper.application; includeInIndex = 0; path = GithubSearcher.app; sourceTree = BUILT_PRODUCTS_DIR; };
		BFF3E9DA26F9C731001AB153 /* GithubSearcherApp.swift */ = {isa = PBXFileReference; lastKnownFileType = sourcecode.swift; path = GithubSearcherApp.swift; sourceTree = "<group>"; };
		BFF3E9DC26F9C731001AB153 /* UserSearchView.swift */ = {isa = PBXFileReference; lastKnownFileType = sourcecode.swift; path = UserSearchView.swift; sourceTree = "<group>"; };
		BFF3E9DE26F9C733001AB153 /* Assets.xcassets */ = {isa = PBXFileReference; lastKnownFileType = folder.assetcatalog; path = Assets.xcassets; sourceTree = "<group>"; };
		BFF3E9E126F9C733001AB153 /* Preview Assets.xcassets */ = {isa = PBXFileReference; lastKnownFileType = folder.assetcatalog; path = "Preview Assets.xcassets"; sourceTree = "<group>"; };
/* End PBXFileReference section */

/* Begin PBXFrameworksBuildPhase section */
		BFF3E9D426F9C731001AB153 /* Frameworks */ = {
			isa = PBXFrameworksBuildPhase;
			buildActionMask = 2147483647;
			files = (
			);
			runOnlyForDeploymentPostprocessing = 0;
		};
/* End PBXFrameworksBuildPhase section */

/* Begin PBXGroup section */
		BFDB9E6A26FAF751000C846C /* Views */ = {
			isa = PBXGroup;
			children = (
				BFF3E9DC26F9C731001AB153 /* UserSearchView.swift */,
				BFDB9E7126FC3C3E000C846C /* UserRow.swift */,
				BFDB9E6026FAED78000C846C /* RepositoryView.swift */,
				BFDB9E7926FC53A2000C846C /* RepositoryRow.swift */,
			);
			path = Views;
			sourceTree = "<group>";
		};
		BFDB9E6B26FAF76F000C846C /* Models */ = {
			isa = PBXGroup;
			children = (
				BFDB9E6226FAF471000C846C /* GithubModel.swift */,
				BFDB9E6F26FB0035000C846C /* Users.swift */,
				BFDB9E7326FC41B4000C846C /* Repository.swift */,
				BFDB9E7726FC45F4000C846C /* ModelError.swift */,
			);
			path = Models;
			sourceTree = "<group>";
		};
		BFDB9E6C26FAF782000C846C /* Controllers */ = {
			isa = PBXGroup;
			children = (
				BFDB9E6626FAF66A000C846C /* UserController.swift */,
				BFDB9E6826FAF72B000C846C /* RepositoryController.swift */,
			);
			path = Controllers;
			sourceTree = "<group>";
		};
		BFF3E9CE26F9C731001AB153 = {
			isa = PBXGroup;
			children = (
				BFF3E9D926F9C731001AB153 /* GithubSearcher */,
				BFF3E9D826F9C731001AB153 /* Products */,
			);
			sourceTree = "<group>";
		};
		BFF3E9D826F9C731001AB153 /* Products */ = {
			isa = PBXGroup;
			children = (
				BFF3E9D726F9C731001AB153 /* GithubSearcher.app */,
			);
			name = Products;
			sourceTree = "<group>";
		};
		BFF3E9D926F9C731001AB153 /* GithubSearcher */ = {
			isa = PBXGroup;
			children = (
				BFF3E9DA26F9C731001AB153 /* GithubSearcherApp.swift */,
				BFDB9E6B26FAF76F000C846C /* Models */,
				BFDB9E6A26FAF751000C846C /* Views */,
				BFDB9E6C26FAF782000C846C /* Controllers */,
				BFF3E9DE26F9C733001AB153 /* Assets.xcassets */,
				BFF3E9E026F9C733001AB153 /* Preview Content */,
			);
			path = GithubSearcher;
			sourceTree = "<group>";
		};
		BFF3E9E026F9C733001AB153 /* Preview Content */ = {
			isa = PBXGroup;
			children = (
				BFF3E9E126F9C733001AB153 /* Preview Assets.xcassets */,
			);
			path = "Preview Content";
			sourceTree = "<group>";
		};
/* End PBXGroup section */

/* Begin PBXNativeTarget section */
		BFF3E9D626F9C731001AB153 /* GithubSearcher */ = {
			isa = PBXNativeTarget;
			buildConfigurationList = BFF3E9E526F9C733001AB153 /* Build configuration list for PBXNativeTarget "GithubSearcher" */;
			buildPhases = (
				BFF3E9D326F9C731001AB153 /* Sources */,
				BFF3E9D426F9C731001AB153 /* Frameworks */,
				BFF3E9D526F9C731001AB153 /* Resources */,
				BF502A5E26FAAF2300E44102 /* Run Script */,
			);
			buildRules = (
			);
			dependencies = (
			);
			name = GithubSearcher;
			productName = GithubSearcher;
			productReference = BFF3E9D726F9C731001AB153 /* GithubSearcher.app */;
			productType = "com.apple.product-type.application";
		};
/* End PBXNativeTarget section */

/* Begin PBXProject section */
		BFF3E9CF26F9C731001AB153 /* Project object */ = {
			isa = PBXProject;
			attributes = {
				BuildIndependentTargetsInParallel = 1;
				LastSwiftUpdateCheck = 1300;
				LastUpgradeCheck = 1300;
				TargetAttributes = {
					BFF3E9D626F9C731001AB153 = {
						CreatedOnToolsVersion = 13.0;
					};
				};
			};
			buildConfigurationList = BFF3E9D226F9C731001AB153 /* Build configuration list for PBXProject "GithubSearcher" */;
			compatibilityVersion = "Xcode 13.0";
			developmentRegion = en;
			hasScannedForEncodings = 0;
			knownRegions = (
				en,
				Base,
			);
			mainGroup = BFF3E9CE26F9C731001AB153;
			productRefGroup = BFF3E9D826F9C731001AB153 /* Products */;
			projectDirPath = "";
			projectRoot = "";
			targets = (
				BFF3E9D626F9C731001AB153 /* GithubSearcher */,
			);
		};
/* End PBXProject section */

/* Begin PBXResourcesBuildPhase section */
		BFF3E9D526F9C731001AB153 /* Resources */ = {
			isa = PBXResourcesBuildPhase;
			buildActionMask = 2147483647;
			files = (
				BFF3E9E226F9C733001AB153 /* Preview Assets.xcassets in Resources */,
				BFF3E9DF26F9C733001AB153 /* Assets.xcassets in Resources */,
			);
			runOnlyForDeploymentPostprocessing = 0;
		};
/* End PBXResourcesBuildPhase section */

/* Begin PBXShellScriptBuildPhase section */
		BF502A5E26FAAF2300E44102 /* Run Script */ = {
			isa = PBXShellScriptBuildPhase;
			buildActionMask = 2147483647;
			files = (
			);
			inputFileListPaths = (
			);
			inputPaths = (
			);
			name = "Run Script";
			outputFileListPaths = (
			);
			outputPaths = (
			);
			runOnlyForDeploymentPostprocessing = 0;
			shellPath = /bin/sh;
			shellScript = "if which swiftlint >/dev/null; then\n  swiftlint autocorrect --format\n  swiftlint\nelse\n  echo \"warning: SwiftLint not installed, download from https://github.com/realm/swiftLint\"\nfi\n";
		};
/* End PBXShellScriptBuildPhase section */

/* Begin PBXSourcesBuildPhase section */
		BFF3E9D326F9C731001AB153 /* Sources */ = {
			isa = PBXSourcesBuildPhase;
			buildActionMask = 2147483647;
			files = (
				BFF3E9DD26F9C731001AB153 /* UserSearchView.swift in Sources */,
				BFDB9E6326FAF471000C846C /* GithubModel.swift in Sources */,
				BFDB9E6126FAED78000C846C /* RepositoryView.swift in Sources */,
				BFDB9E7826FC45F4000C846C /* ModelError.swift in Sources */,
				BFDB9E6726FAF66A000C846C /* UserController.swift in Sources */,
				BFDB9E7A26FC53A2000C846C /* RepositoryRow.swift in Sources */,
				BFDB9E7026FB0035000C846C /* Users.swift in Sources */,
				BFDB9E7426FC41B4000C846C /* Repository.swift in Sources */,
				BFF3E9DB26F9C731001AB153 /* GithubSearcherApp.swift in Sources */,
				BFDB9E6926FAF72B000C846C /* RepositoryController.swift in Sources */,
				BFDB9E7226FC3C3E000C846C /* UserRow.swift in Sources */,
			);
			runOnlyForDeploymentPostprocessing = 0;
		};
/* End PBXSourcesBuildPhase section */

/* Begin XCBuildConfiguration section */
		BFF3E9E326F9C733001AB153 /* Debug */ = {
			isa = XCBuildConfiguration;
			buildSettings = {
				ALWAYS_SEARCH_USER_PATHS = NO;
				CLANG_ANALYZER_NONNULL = YES;
				CLANG_ANALYZER_NUMBER_OBJECT_CONVERSION = YES_AGGRESSIVE;
				CLANG_CXX_LANGUAGE_STANDARD = "gnu++17";
				CLANG_CXX_LIBRARY = "libc++";
				CLANG_ENABLE_MODULES = YES;
				CLANG_ENABLE_OBJC_ARC = YES;
				CLANG_ENABLE_OBJC_WEAK = YES;
				CLANG_WARN_BLOCK_CAPTURE_AUTORELEASING = YES;
				CLANG_WARN_BOOL_CONVERSION = YES;
				CLANG_WARN_COMMA = YES;
				CLANG_WARN_CONSTANT_CONVERSION = YES;
				CLANG_WARN_DEPRECATED_OBJC_IMPLEMENTATIONS = YES;
				CLANG_WARN_DIRECT_OBJC_ISA_USAGE = YES_ERROR;
				CLANG_WARN_DOCUMENTATION_COMMENTS = YES;
				CLANG_WARN_EMPTY_BODY = YES;
				CLANG_WARN_ENUM_CONVERSION = YES;
				CLANG_WARN_INFINITE_RECURSION = YES;
				CLANG_WARN_INT_CONVERSION = YES;
				CLANG_WARN_NON_LITERAL_NULL_CONVERSION = YES;
				CLANG_WARN_OBJC_IMPLICIT_RETAIN_SELF = YES;
				CLANG_WARN_OBJC_LITERAL_CONVERSION = YES;
				CLANG_WARN_OBJC_ROOT_CLASS = YES_ERROR;
				CLANG_WARN_QUOTED_INCLUDE_IN_FRAMEWORK_HEADER = YES;
				CLANG_WARN_RANGE_LOOP_ANALYSIS = YES;
				CLANG_WARN_STRICT_PROTOTYPES = YES;
				CLANG_WARN_SUSPICIOUS_MOVE = YES;
				CLANG_WARN_UNGUARDED_AVAILABILITY = YES_AGGRESSIVE;
				CLANG_WARN_UNREACHABLE_CODE = YES;
				CLANG_WARN__DUPLICATE_METHOD_MATCH = YES;
				COPY_PHASE_STRIP = NO;
				DEBUG_INFORMATION_FORMAT = dwarf;
				ENABLE_STRICT_OBJC_MSGSEND = YES;
				ENABLE_TESTABILITY = YES;
				GCC_C_LANGUAGE_STANDARD = gnu11;
				GCC_DYNAMIC_NO_PIC = NO;
				GCC_NO_COMMON_BLOCKS = YES;
				GCC_OPTIMIZATION_LEVEL = 0;
				GCC_PREPROCESSOR_DEFINITIONS = (
					"DEBUG=1",
					"$(inherited)",
				);
				GCC_WARN_64_TO_32_BIT_CONVERSION = YES;
				GCC_WARN_ABOUT_RETURN_TYPE = YES_ERROR;
				GCC_WARN_UNDECLARED_SELECTOR = YES;
				GCC_WARN_UNINITIALIZED_AUTOS = YES_AGGRESSIVE;
				GCC_WARN_UNUSED_FUNCTION = YES;
				GCC_WARN_UNUSED_VARIABLE = YES;
				IPHONEOS_DEPLOYMENT_TARGET = 15.0;
				MTL_ENABLE_DEBUG_INFO = INCLUDE_SOURCE;
				MTL_FAST_MATH = YES;
				ONLY_ACTIVE_ARCH = YES;
				SDKROOT = iphoneos;
				SWIFT_ACTIVE_COMPILATION_CONDITIONS = DEBUG;
				SWIFT_OPTIMIZATION_LEVEL = "-Onone";
			};
			name = Debug;
		};
		BFF3E9E426F9C733001AB153 /* Release */ = {
			isa = XCBuildConfiguration;
			buildSettings = {
				ALWAYS_SEARCH_USER_PATHS = NO;
				CLANG_ANALYZER_NONNULL = YES;
				CLANG_ANALYZER_NUMBER_OBJECT_CONVERSION = YES_AGGRESSIVE;
				CLANG_CXX_LANGUAGE_STANDARD = "gnu++17";
				CLANG_CXX_LIBRARY = "libc++";
				CLANG_ENABLE_MODULES = YES;
				CLANG_ENABLE_OBJC_ARC = YES;
				CLANG_ENABLE_OBJC_WEAK = YES;
				CLANG_WARN_BLOCK_CAPTURE_AUTORELEASING = YES;
				CLANG_WARN_BOOL_CONVERSION = YES;
				CLANG_WARN_COMMA = YES;
				CLANG_WARN_CONSTANT_CONVERSION = YES;
				CLANG_WARN_DEPRECATED_OBJC_IMPLEMENTATIONS = YES;
				CLANG_WARN_DIRECT_OBJC_ISA_USAGE = YES_ERROR;
				CLANG_WARN_DOCUMENTATION_COMMENTS = YES;
				CLANG_WARN_EMPTY_BODY = YES;
				CLANG_WARN_ENUM_CONVERSION = YES;
				CLANG_WARN_INFINITE_RECURSION = YES;
				CLANG_WARN_INT_CONVERSION = YES;
				CLANG_WARN_NON_LITERAL_NULL_CONVERSION = YES;
				CLANG_WARN_OBJC_IMPLICIT_RETAIN_SELF = YES;
				CLANG_WARN_OBJC_LITERAL_CONVERSION = YES;
				CLANG_WARN_OBJC_ROOT_CLASS = YES_ERROR;
				CLANG_WARN_QUOTED_INCLUDE_IN_FRAMEWORK_HEADER = YES;
				CLANG_WARN_RANGE_LOOP_ANALYSIS = YES;
				CLANG_WARN_STRICT_PROTOTYPES = YES;
				CLANG_WARN_SUSPICIOUS_MOVE = YES;
				CLANG_WARN_UNGUARDED_AVAILABILITY = YES_AGGRESSIVE;
				CLANG_WARN_UNREACHABLE_CODE = YES;
				CLANG_WARN__DUPLICATE_METHOD_MATCH = YES;
				COPY_PHASE_STRIP = NO;
				DEBUG_INFORMATION_FORMAT = "dwarf-with-dsym";
				ENABLE_NS_ASSERTIONS = NO;
				ENABLE_STRICT_OBJC_MSGSEND = YES;
				GCC_C_LANGUAGE_STANDARD = gnu11;
				GCC_NO_COMMON_BLOCKS = YES;
				GCC_WARN_64_TO_32_BIT_CONVERSION = YES;
				GCC_WARN_ABOUT_RETURN_TYPE = YES_ERROR;
				GCC_WARN_UNDECLARED_SELECTOR = YES;
				GCC_WARN_UNINITIALIZED_AUTOS = YES_AGGRESSIVE;
				GCC_WARN_UNUSED_FUNCTION = YES;
				GCC_WARN_UNUSED_VARIABLE = YES;
				IPHONEOS_DEPLOYMENT_TARGET = 15.0;
				MTL_ENABLE_DEBUG_INFO = NO;
				MTL_FAST_MATH = YES;
				SDKROOT = iphoneos;
				SWIFT_COMPILATION_MODE = wholemodule;
				SWIFT_OPTIMIZATION_LEVEL = "-O";
				VALIDATE_PRODUCT = YES;
			};
			name = Release;
		};
		BFF3E9E626F9C733001AB153 /* Debug */ = {
			isa = XCBuildConfiguration;
			buildSettings = {
				ASSETCATALOG_COMPILER_APPICON_NAME = AppIcon;
				ASSETCATALOG_COMPILER_GLOBAL_ACCENT_COLOR_NAME = AccentColor;
				CODE_SIGN_IDENTITY = "Apple Development";
				CODE_SIGN_STYLE = Automatic;
				CURRENT_PROJECT_VERSION = 1;
				DEVELOPMENT_ASSET_PATHS = "\"GithubSearcher/Preview Content\"";
				DEVELOPMENT_TEAM = 9Q355Z3644;
				ENABLE_PREVIEWS = YES;
				GENERATE_INFOPLIST_FILE = YES;
				INFOPLIST_KEY_UIApplicationSceneManifest_Generation = YES;
				INFOPLIST_KEY_UIApplicationSupportsIndirectInputEvents = YES;
				INFOPLIST_KEY_UILaunchScreen_Generation = YES;
				INFOPLIST_KEY_UISupportedInterfaceOrientations_iPad = "UIInterfaceOrientationPortrait UIInterfaceOrientationPortraitUpsideDown UIInterfaceOrientationLandscapeLeft UIInterfaceOrientationLandscapeRight";
				INFOPLIST_KEY_UISupportedInterfaceOrientations_iPhone = "UIInterfaceOrientationPortrait UIInterfaceOrientationLandscapeLeft UIInterfaceOrientationLandscapeRight";
				IPHONEOS_DEPLOYMENT_TARGET = 15.0;
				LD_RUNPATH_SEARCH_PATHS = (
					"$(inherited)",
					"@executable_path/Frameworks",
				);
				MARKETING_VERSION = 1.0;
				PRODUCT_BUNDLE_IDENTIFIER = com.sample.GithubSearcher;
				PRODUCT_NAME = "$(TARGET_NAME)";
				PROVISIONING_PROFILE_SPECIFIER = "";
				SWIFT_EMIT_LOC_STRINGS = YES;
				SWIFT_VERSION = 5.0;
				TARGETED_DEVICE_FAMILY = "1,2";
			};
			name = Debug;
		};
		BFF3E9E726F9C733001AB153 /* Release */ = {
			isa = XCBuildConfiguration;
			buildSettings = {
				ASSETCATALOG_COMPILER_APPICON_NAME = AppIcon;
				ASSETCATALOG_COMPILER_GLOBAL_ACCENT_COLOR_NAME = AccentColor;
				CODE_SIGN_IDENTITY = "Apple Development";
				CODE_SIGN_STYLE = Automatic;
				CURRENT_PROJECT_VERSION = 1;
				DEVELOPMENT_ASSET_PATHS = "\"GithubSearcher/Preview Content\"";
				DEVELOPMENT_TEAM = 9Q355Z3644;
				ENABLE_PREVIEWS = YES;
				GENERATE_INFOPLIST_FILE = YES;
				INFOPLIST_KEY_UIApplicationSceneManifest_Generation = YES;
				INFOPLIST_KEY_UIApplicationSupportsIndirectInputEvents = YES;
				INFOPLIST_KEY_UILaunchScreen_Generation = YES;
				INFOPLIST_KEY_UISupportedInterfaceOrientations_iPad = "UIInterfaceOrientationPortrait UIInterfaceOrientationPortraitUpsideDown UIInterfaceOrientationLandscapeLeft UIInterfaceOrientationLandscapeRight";
				INFOPLIST_KEY_UISupportedInterfaceOrientations_iPhone = "UIInterfaceOrientationPortrait UIInterfaceOrientationLandscapeLeft UIInterfaceOrientationLandscapeRight";
				IPHONEOS_DEPLOYMENT_TARGET = 15.0;
				LD_RUNPATH_SEARCH_PATHS = (
					"$(inherited)",
					"@executable_path/Frameworks",
				);
				MARKETING_VERSION = 1.0;
				PRODUCT_BUNDLE_IDENTIFIER = com.sample.GithubSearcher;
				PRODUCT_NAME = "$(TARGET_NAME)";
				PROVISIONING_PROFILE_SPECIFIER = "";
				SWIFT_EMIT_LOC_STRINGS = YES;
				SWIFT_VERSION = 5.0;
				TARGETED_DEVICE_FAMILY = "1,2";
			};
			name = Release;
		};
/* End XCBuildConfiguration section */

/* Begin XCConfigurationList section */
		BFF3E9D226F9C731001AB153 /* Build configuration list for PBXProject "GithubSearcher" */ = {
			isa = XCConfigurationList;
			buildConfigurations = (
				BFF3E9E326F9C733001AB153 /* Debug */,
				BFF3E9E426F9C733001AB153 /* Release */,
			);
			defaultConfigurationIsVisible = 0;
			defaultConfigurationName = Release;
		};
		BFF3E9E526F9C733001AB153 /* Build configuration list for PBXNativeTarget "GithubSearcher" */ = {
			isa = XCConfigurationList;
			buildConfigurations = (
				BFF3E9E626F9C733001AB153 /* Debug */,
				BFF3E9E726F9C733001AB153 /* Release */,
			);
			defaultConfigurationIsVisible = 0;
			defaultConfigurationName = Release;
		};
/* End XCConfigurationList section */
	};
	rootObject = BFF3E9CF26F9C731001AB153 /* Project object */;
}
